// !$*UTF8*$!
{
	archiveVersion = 1;
	classes = {
	};
	objectVersion = 55;
	objects = {

/* Begin PBXBuildFile section */
		DB28582728EAE48D00518858 /* AddProductView.swift in Sources */ = {isa = PBXBuildFile; fileRef = DB28582628EAE48D00518858 /* AddProductView.swift */; };
		DB28582928EB1C2000518858 /* ProductSection.swift in Sources */ = {isa = PBXBuildFile; fileRef = DB28582828EB1C2000518858 /* ProductSection.swift */; };
		DB4352C228E8402000C51B44 /* CreateAccountForm.swift in Sources */ = {isa = PBXBuildFile; fileRef = DB4352C128E8402000C51B44 /* CreateAccountForm.swift */; };
		DB6AEA0F28E8E10900C917FB /* Business.swift in Sources */ = {isa = PBXBuildFile; fileRef = DB6AEA0E28E8E10900C917FB /* Business.swift */; };
		DB6AEA1328E8E50800C917FB /* ProductsView.swift in Sources */ = {isa = PBXBuildFile; fileRef = DB6AEA1228E8E50800C917FB /* ProductsView.swift */; };
		DB6D070C28EB25BA00B349D9 /* ProductDetailView.swift in Sources */ = {isa = PBXBuildFile; fileRef = DB6D070B28EB25BA00B349D9 /* ProductDetailView.swift */; };
		DB7DC85328EC4CCA00D109AA /* EditProductView.swift in Sources */ = {isa = PBXBuildFile; fileRef = DB7DC85228EC4CCA00D109AA /* EditProductView.swift */; };
		DB7DC86428EC7FF600D109AA /* Comfortaa-Regular.ttf in Resources */ = {isa = PBXBuildFile; fileRef = DB7DC85F28EC7FF500D109AA /* Comfortaa-Regular.ttf */; };
		DB7DC86528EC7FF600D109AA /* FONTLOG.txt in Resources */ = {isa = PBXBuildFile; fileRef = DB7DC86028EC7FF500D109AA /* FONTLOG.txt */; };
		DB7DC86628EC7FF600D109AA /* OFL.txt in Resources */ = {isa = PBXBuildFile; fileRef = DB7DC86128EC7FF600D109AA /* OFL.txt */; };
		DB7DC86728EC7FF600D109AA /* Comfortaa-Light.ttf in Resources */ = {isa = PBXBuildFile; fileRef = DB7DC86228EC7FF600D109AA /* Comfortaa-Light.ttf */; };
		DB7DC86828EC7FF600D109AA /* Comfortaa-Bold.ttf in Resources */ = {isa = PBXBuildFile; fileRef = DB7DC86328EC7FF600D109AA /* Comfortaa-Bold.ttf */; };
		DB7DC86B28EC8B7900D109AA /* Constants.swift in Sources */ = {isa = PBXBuildFile; fileRef = DB7DC86A28EC8B7900D109AA /* Constants.swift */; };
		DBA32B6D28ED8D5A001C6A76 /* LaunchView.swift in Sources */ = {isa = PBXBuildFile; fileRef = DBA32B6C28ED8D5A001C6A76 /* LaunchView.swift */; };
		DBA32B6F28ED9087001C6A76 /* LaunchViewCustomButton.swift in Sources */ = {isa = PBXBuildFile; fileRef = DBA32B6E28ED9087001C6A76 /* LaunchViewCustomButton.swift */; };
		DBA32B7128ED94A7001C6A76 /* CustomerLaunchView.swift in Sources */ = {isa = PBXBuildFile; fileRef = DBA32B7028ED94A7001C6A76 /* CustomerLaunchView.swift */; };
		DBAC831E28EDA5C800BADAD5 /* CustomerLoginForm.swift in Sources */ = {isa = PBXBuildFile; fileRef = DBAC831D28EDA5C800BADAD5 /* CustomerLoginForm.swift */; };
		DBAC832028EDA6BA00BADAD5 /* CustomerCreateAccountForm.swift in Sources */ = {isa = PBXBuildFile; fileRef = DBAC831F28EDA6BA00BADAD5 /* CustomerCreateAccountForm.swift */; };
		DBAC832228EDA88100BADAD5 /* CustomerContentView.swift in Sources */ = {isa = PBXBuildFile; fileRef = DBAC832128EDA88100BADAD5 /* CustomerContentView.swift */; };
		DBAC832428EDA8D700BADAD5 /* CustomerProductsView.swift in Sources */ = {isa = PBXBuildFile; fileRef = DBAC832328EDA8D700BADAD5 /* CustomerProductsView.swift */; };
		DBE0230628EB432E006B08FE /* ImagePicker.swift in Sources */ = {isa = PBXBuildFile; fileRef = DBE0230528EB432E006B08FE /* ImagePicker.swift */; };
		DBE0230928EB5A74006B08FE /* FirebaseAuth in Frameworks */ = {isa = PBXBuildFile; productRef = DBE0230828EB5A74006B08FE /* FirebaseAuth */; };
		DBE0230B28EB5A74006B08FE /* FirebaseFirestore in Frameworks */ = {isa = PBXBuildFile; productRef = DBE0230A28EB5A74006B08FE /* FirebaseFirestore */; };
		DBE0230D28EB5A74006B08FE /* FirebaseStorage in Frameworks */ = {isa = PBXBuildFile; productRef = DBE0230C28EB5A74006B08FE /* FirebaseStorage */; };
		DBEAFA0C28E79111004C3CB1 /* CustomButton.swift in Sources */ = {isa = PBXBuildFile; fileRef = DBEAFA0B28E79111004C3CB1 /* CustomButton.swift */; };
		DBEAFA1228E7956A004C3CB1 /* BusinessLoginForm.swift in Sources */ = {isa = PBXBuildFile; fileRef = DBEAFA1128E7956A004C3CB1 /* BusinessLoginForm.swift */; };
		DBF1FBF428E77EA5008E436B /* GiftAppApp.swift in Sources */ = {isa = PBXBuildFile; fileRef = DBF1FBF328E77EA5008E436B /* GiftAppApp.swift */; };
		DBF1FBF628E77EA5008E436B /* BusinessContentView.swift in Sources */ = {isa = PBXBuildFile; fileRef = DBF1FBF528E77EA5008E436B /* BusinessContentView.swift */; };
		DBF1FBF828E77EA5008E436B /* Assets.xcassets in Resources */ = {isa = PBXBuildFile; fileRef = DBF1FBF728E77EA5008E436B /* Assets.xcassets */; };
		DBF1FBFB28E77EA5008E436B /* Preview Assets.xcassets in Resources */ = {isa = PBXBuildFile; fileRef = DBF1FBFA28E77EA5008E436B /* Preview Assets.xcassets */; };
		DBF1FC0228E77F4B008E436B /* GoogleService-Info.plist in Resources */ = {isa = PBXBuildFile; fileRef = DBF1FC0128E77F4B008E436B /* GoogleService-Info.plist */; };
		DBF1FC0528E77FDE008E436B /* FirebaseAuth in Frameworks */ = {isa = PBXBuildFile; productRef = DBF1FC0428E77FDE008E436B /* FirebaseAuth */; };
		DBF1FC0728E77FDE008E436B /* FirebaseFirestore in Frameworks */ = {isa = PBXBuildFile; productRef = DBF1FC0628E77FDE008E436B /* FirebaseFirestore */; };
		DBF1FC0C28E7883D008E436B /* BusinessLaunchView.swift in Sources */ = {isa = PBXBuildFile; fileRef = DBF1FC0B28E7883D008E436B /* BusinessLaunchView.swift */; };
		DBF1FC0E28E78C00008E436B /* ContentModel.swift in Sources */ = {isa = PBXBuildFile; fileRef = DBF1FC0D28E78C00008E436B /* ContentModel.swift */; };
/* End PBXBuildFile section */

/* Begin PBXFileReference section */
		DB28582628EAE48D00518858 /* AddProductView.swift */ = {isa = PBXFileReference; lastKnownFileType = sourcecode.swift; path = AddProductView.swift; sourceTree = "<group>"; };
		DB28582828EB1C2000518858 /* ProductSection.swift */ = {isa = PBXFileReference; lastKnownFileType = sourcecode.swift; path = ProductSection.swift; sourceTree = "<group>"; };
		DB4352C128E8402000C51B44 /* CreateAccountForm.swift */ = {isa = PBXFileReference; lastKnownFileType = sourcecode.swift; path = CreateAccountForm.swift; sourceTree = "<group>"; };
		DB6AEA0E28E8E10900C917FB /* Business.swift */ = {isa = PBXFileReference; lastKnownFileType = sourcecode.swift; path = Business.swift; sourceTree = "<group>"; };
		DB6AEA1228E8E50800C917FB /* ProductsView.swift */ = {isa = PBXFileReference; lastKnownFileType = sourcecode.swift; path = ProductsView.swift; sourceTree = "<group>"; };
		DB6D070B28EB25BA00B349D9 /* ProductDetailView.swift */ = {isa = PBXFileReference; lastKnownFileType = sourcecode.swift; path = ProductDetailView.swift; sourceTree = "<group>"; };
		DB7DC85228EC4CCA00D109AA /* EditProductView.swift */ = {isa = PBXFileReference; lastKnownFileType = sourcecode.swift; path = EditProductView.swift; sourceTree = "<group>"; };
		DB7DC85B28EC7B3100D109AA /* Info.plist */ = {isa = PBXFileReference; lastKnownFileType = text.plist; path = Info.plist; sourceTree = "<group>"; };
		DB7DC85F28EC7FF500D109AA /* Comfortaa-Regular.ttf */ = {isa = PBXFileReference; lastKnownFileType = file; name = "Comfortaa-Regular.ttf"; path = "Assets/comfortaa/Comfortaa-Regular.ttf"; sourceTree = SOURCE_ROOT; };
		DB7DC86028EC7FF500D109AA /* FONTLOG.txt */ = {isa = PBXFileReference; fileEncoding = 4; lastKnownFileType = text; name = FONTLOG.txt; path = Assets/comfortaa/FONTLOG.txt; sourceTree = SOURCE_ROOT; };
		DB7DC86128EC7FF600D109AA /* OFL.txt */ = {isa = PBXFileReference; fileEncoding = 4; lastKnownFileType = text; name = OFL.txt; path = Assets/comfortaa/OFL.txt; sourceTree = SOURCE_ROOT; };
		DB7DC86228EC7FF600D109AA /* Comfortaa-Light.ttf */ = {isa = PBXFileReference; lastKnownFileType = file; name = "Comfortaa-Light.ttf"; path = "Assets/comfortaa/Comfortaa-Light.ttf"; sourceTree = SOURCE_ROOT; };
		DB7DC86328EC7FF600D109AA /* Comfortaa-Bold.ttf */ = {isa = PBXFileReference; lastKnownFileType = file; name = "Comfortaa-Bold.ttf"; path = "Assets/comfortaa/Comfortaa-Bold.ttf"; sourceTree = SOURCE_ROOT; };
		DB7DC86A28EC8B7900D109AA /* Constants.swift */ = {isa = PBXFileReference; lastKnownFileType = sourcecode.swift; path = Constants.swift; sourceTree = "<group>"; };
		DBA32B6C28ED8D5A001C6A76 /* LaunchView.swift */ = {isa = PBXFileReference; lastKnownFileType = sourcecode.swift; path = LaunchView.swift; sourceTree = "<group>"; };
		DBA32B6E28ED9087001C6A76 /* LaunchViewCustomButton.swift */ = {isa = PBXFileReference; lastKnownFileType = sourcecode.swift; path = LaunchViewCustomButton.swift; sourceTree = "<group>"; };
		DBA32B7028ED94A7001C6A76 /* CustomerLaunchView.swift */ = {isa = PBXFileReference; lastKnownFileType = sourcecode.swift; path = CustomerLaunchView.swift; sourceTree = "<group>"; };
		DBAC831D28EDA5C800BADAD5 /* CustomerLoginForm.swift */ = {isa = PBXFileReference; lastKnownFileType = sourcecode.swift; path = CustomerLoginForm.swift; sourceTree = "<group>"; };
		DBAC831F28EDA6BA00BADAD5 /* CustomerCreateAccountForm.swift */ = {isa = PBXFileReference; lastKnownFileType = sourcecode.swift; path = CustomerCreateAccountForm.swift; sourceTree = "<group>"; };
		DBAC832128EDA88100BADAD5 /* CustomerContentView.swift */ = {isa = PBXFileReference; lastKnownFileType = sourcecode.swift; path = CustomerContentView.swift; sourceTree = "<group>"; };
		DBAC832328EDA8D700BADAD5 /* CustomerProductsView.swift */ = {isa = PBXFileReference; lastKnownFileType = sourcecode.swift; path = CustomerProductsView.swift; sourceTree = "<group>"; };
		DBE0230528EB432E006B08FE /* ImagePicker.swift */ = {isa = PBXFileReference; lastKnownFileType = sourcecode.swift; path = ImagePicker.swift; sourceTree = "<group>"; };
		DBEAFA0B28E79111004C3CB1 /* CustomButton.swift */ = {isa = PBXFileReference; lastKnownFileType = sourcecode.swift; path = CustomButton.swift; sourceTree = "<group>"; };
		DBEAFA1128E7956A004C3CB1 /* BusinessLoginForm.swift */ = {isa = PBXFileReference; lastKnownFileType = sourcecode.swift; path = BusinessLoginForm.swift; sourceTree = "<group>"; };
		DBF1FBF028E77EA5008E436B /* GiftApp.app */ = {isa = PBXFileReference; explicitFileType = wrapper.application; includeInIndex = 0; path = GiftApp.app; sourceTree = BUILT_PRODUCTS_DIR; };
		DBF1FBF328E77EA5008E436B /* GiftAppApp.swift */ = {isa = PBXFileReference; lastKnownFileType = sourcecode.swift; path = GiftAppApp.swift; sourceTree = "<group>"; };
		DBF1FBF528E77EA5008E436B /* BusinessContentView.swift */ = {isa = PBXFileReference; lastKnownFileType = sourcecode.swift; path = BusinessContentView.swift; sourceTree = "<group>"; };
		DBF1FBF728E77EA5008E436B /* Assets.xcassets */ = {isa = PBXFileReference; lastKnownFileType = folder.assetcatalog; path = Assets.xcassets; sourceTree = "<group>"; };
		DBF1FBFA28E77EA5008E436B /* Preview Assets.xcassets */ = {isa = PBXFileReference; lastKnownFileType = folder.assetcatalog; path = "Preview Assets.xcassets"; sourceTree = "<group>"; };
		DBF1FC0128E77F4B008E436B /* GoogleService-Info.plist */ = {isa = PBXFileReference; lastKnownFileType = text.plist; path = "GoogleService-Info.plist"; sourceTree = SOURCE_ROOT; };
		DBF1FC0B28E7883D008E436B /* BusinessLaunchView.swift */ = {isa = PBXFileReference; lastKnownFileType = sourcecode.swift; path = BusinessLaunchView.swift; sourceTree = "<group>"; };
		DBF1FC0D28E78C00008E436B /* ContentModel.swift */ = {isa = PBXFileReference; lastKnownFileType = sourcecode.swift; path = ContentModel.swift; sourceTree = "<group>"; };
/* End PBXFileReference section */

/* Begin PBXFrameworksBuildPhase section */
		DBF1FBED28E77EA5008E436B /* Frameworks */ = {
			isa = PBXFrameworksBuildPhase;
			buildActionMask = 2147483647;
			files = (
				DBF1FC0528E77FDE008E436B /* FirebaseAuth in Frameworks */,
				DBE0230B28EB5A74006B08FE /* FirebaseFirestore in Frameworks */,
				DBE0230928EB5A74006B08FE /* FirebaseAuth in Frameworks */,
				DBE0230D28EB5A74006B08FE /* FirebaseStorage in Frameworks */,
				DBF1FC0728E77FDE008E436B /* FirebaseFirestore in Frameworks */,
			);
			runOnlyForDeploymentPostprocessing = 0;
		};
/* End PBXFrameworksBuildPhase section */

/* Begin PBXGroup section */
		DB7DC85E28EC7FDB00D109AA /* Fonts */ = {
			isa = PBXGroup;
			children = (
				DB7DC86328EC7FF600D109AA /* Comfortaa-Bold.ttf */,
				DB7DC86228EC7FF600D109AA /* Comfortaa-Light.ttf */,
				DB7DC85F28EC7FF500D109AA /* Comfortaa-Regular.ttf */,
				DB7DC86028EC7FF500D109AA /* FONTLOG.txt */,
				DB7DC86128EC7FF600D109AA /* OFL.txt */,
			);
			path = Fonts;
			sourceTree = "<group>";
		};
		DB7DC86928EC8B5D00D109AA /* Styling */ = {
			isa = PBXGroup;
			children = (
				DB7DC86A28EC8B7900D109AA /* Constants.swift */,
				DB7DC85E28EC7FDB00D109AA /* Fonts */,
			);
			path = Styling;
			sourceTree = "<group>";
		};
		DBAC831A28EDA0E500BADAD5 /* Customer */ = {
			isa = PBXGroup;
			children = (
				DBAC831D28EDA5C800BADAD5 /* CustomerLoginForm.swift */,
				DBAC831F28EDA6BA00BADAD5 /* CustomerCreateAccountForm.swift */,
				DBAC832128EDA88100BADAD5 /* CustomerContentView.swift */,
				DBAC832328EDA8D700BADAD5 /* CustomerProductsView.swift */,
			);
			path = Customer;
			sourceTree = "<group>";
		};
		DBEAFA1028E7955E004C3CB1 /* Business */ = {
			isa = PBXGroup;
			children = (
				DBEAFA1128E7956A004C3CB1 /* BusinessLoginForm.swift */,
				DB4352C128E8402000C51B44 /* CreateAccountForm.swift */,
				DBF1FBF528E77EA5008E436B /* BusinessContentView.swift */,
				DB6AEA1228E8E50800C917FB /* ProductsView.swift */,
				DB28582628EAE48D00518858 /* AddProductView.swift */,
				DB6D070B28EB25BA00B349D9 /* ProductDetailView.swift */,
				DB7DC85228EC4CCA00D109AA /* EditProductView.swift */,
			);
			path = Business;
			sourceTree = "<group>";
		};
		DBF1FBE728E77EA5008E436B = {
			isa = PBXGroup;
			children = (
				DBF1FBF228E77EA5008E436B /* GiftApp */,
				DBF1FBF128E77EA5008E436B /* Products */,
			);
			sourceTree = "<group>";
		};
		DBF1FBF128E77EA5008E436B /* Products */ = {
			isa = PBXGroup;
			children = (
				DBF1FBF028E77EA5008E436B /* GiftApp.app */,
			);
			name = Products;
			sourceTree = "<group>";
		};
		DBF1FBF228E77EA5008E436B /* GiftApp */ = {
			isa = PBXGroup;
			children = (
				DB7DC85B28EC7B3100D109AA /* Info.plist */,
				DBF1FBF328E77EA5008E436B /* GiftAppApp.swift */,
				DBF1FC0828E787FC008E436B /* Views */,
				DBF1FC0928E78805008E436B /* ViewModels */,
				DBF1FC0A28E7880B008E436B /* Models */,
				DB7DC86928EC8B5D00D109AA /* Styling */,
				DBF1FBF728E77EA5008E436B /* Assets.xcassets */,
				DBF1FC0128E77F4B008E436B /* GoogleService-Info.plist */,
				DBF1FBF928E77EA5008E436B /* Preview Content */,
			);
			path = GiftApp;
			sourceTree = "<group>";
		};
		DBF1FBF928E77EA5008E436B /* Preview Content */ = {
			isa = PBXGroup;
			children = (
				DBF1FBFA28E77EA5008E436B /* Preview Assets.xcassets */,
			);
			path = "Preview Content";
			sourceTree = "<group>";
		};
		DBF1FC0828E787FC008E436B /* Views */ = {
			isa = PBXGroup;
			children = (
				DBA32B6C28ED8D5A001C6A76 /* LaunchView.swift */,
				DBF1FC0B28E7883D008E436B /* BusinessLaunchView.swift */,
				DBA32B7028ED94A7001C6A76 /* CustomerLaunchView.swift */,
				DBAC831A28EDA0E500BADAD5 /* Customer */,
				DBEAFA1028E7955E004C3CB1 /* Business */,
				DBF1FC0F28E78E6C008E436B /* ReusableViews */,
			);
			path = Views;
			sourceTree = "<group>";
		};
		DBF1FC0928E78805008E436B /* ViewModels */ = {
			isa = PBXGroup;
			children = (
				DBF1FC0D28E78C00008E436B /* ContentModel.swift */,
			);
			path = ViewModels;
			sourceTree = "<group>";
		};
		DBF1FC0A28E7880B008E436B /* Models */ = {
			isa = PBXGroup;
			children = (
				DB6AEA0E28E8E10900C917FB /* Business.swift */,
			);
			path = Models;
			sourceTree = "<group>";
		};
		DBF1FC0F28E78E6C008E436B /* ReusableViews */ = {
			isa = PBXGroup;
			children = (
				DBEAFA0B28E79111004C3CB1 /* CustomButton.swift */,
				DB28582828EB1C2000518858 /* ProductSection.swift */,
				DBE0230528EB432E006B08FE /* ImagePicker.swift */,
				DBA32B6E28ED9087001C6A76 /* LaunchViewCustomButton.swift */,
			);
			path = ReusableViews;
			sourceTree = "<group>";
		};
/* End PBXGroup section */

/* Begin PBXNativeTarget section */
		DBF1FBEF28E77EA5008E436B /* GiftApp */ = {
			isa = PBXNativeTarget;
			buildConfigurationList = DBF1FBFE28E77EA5008E436B /* Build configuration list for PBXNativeTarget "GiftApp" */;
			buildPhases = (
				DBF1FBEC28E77EA5008E436B /* Sources */,
				DBF1FBED28E77EA5008E436B /* Frameworks */,
				DBF1FBEE28E77EA5008E436B /* Resources */,
			);
			buildRules = (
			);
			dependencies = (
			);
			name = GiftApp;
			packageProductDependencies = (
				DBF1FC0428E77FDE008E436B /* FirebaseAuth */,
				DBF1FC0628E77FDE008E436B /* FirebaseFirestore */,
				DBE0230828EB5A74006B08FE /* FirebaseAuth */,
				DBE0230A28EB5A74006B08FE /* FirebaseFirestore */,
				DBE0230C28EB5A74006B08FE /* FirebaseStorage */,
			);
			productName = GiftApp;
			productReference = DBF1FBF028E77EA5008E436B /* GiftApp.app */;
			productType = "com.apple.product-type.application";
		};
/* End PBXNativeTarget section */

/* Begin PBXProject section */
		DBF1FBE828E77EA5008E436B /* Project object */ = {
			isa = PBXProject;
			attributes = {
				BuildIndependentTargetsInParallel = 1;
				LastSwiftUpdateCheck = 1340;
				LastUpgradeCheck = 1340;
				TargetAttributes = {
					DBF1FBEF28E77EA5008E436B = {
						CreatedOnToolsVersion = 13.4.1;
					};
				};
			};
			buildConfigurationList = DBF1FBEB28E77EA5008E436B /* Build configuration list for PBXProject "GiftApp" */;
			compatibilityVersion = "Xcode 13.0";
			developmentRegion = en;
			hasScannedForEncodings = 0;
			knownRegions = (
				en,
				Base,
			);
			mainGroup = DBF1FBE728E77EA5008E436B;
			packageReferences = (
				DBF1FC0328E77FDE008E436B /* XCRemoteSwiftPackageReference "firebase-ios-sdk" */,
				DBE0230728EB5A73006B08FE /* XCRemoteSwiftPackageReference "firebase-ios-sdk" */,
			);
			productRefGroup = DBF1FBF128E77EA5008E436B /* Products */;
			projectDirPath = "";
			projectRoot = "";
			targets = (
				DBF1FBEF28E77EA5008E436B /* GiftApp */,
			);
		};
/* End PBXProject section */

/* Begin PBXResourcesBuildPhase section */
		DBF1FBEE28E77EA5008E436B /* Resources */ = {
			isa = PBXResourcesBuildPhase;
			buildActionMask = 2147483647;
			files = (
				DB7DC86828EC7FF600D109AA /* Comfortaa-Bold.ttf in Resources */,
				DB7DC86628EC7FF600D109AA /* OFL.txt in Resources */,
				DB7DC86428EC7FF600D109AA /* Comfortaa-Regular.ttf in Resources */,
				DBF1FBFB28E77EA5008E436B /* Preview Assets.xcassets in Resources */,
				DB7DC86528EC7FF600D109AA /* FONTLOG.txt in Resources */,
				DB7DC86728EC7FF600D109AA /* Comfortaa-Light.ttf in Resources */,
				DBF1FBF828E77EA5008E436B /* Assets.xcassets in Resources */,
				DBF1FC0228E77F4B008E436B /* GoogleService-Info.plist in Resources */,
			);
			runOnlyForDeploymentPostprocessing = 0;
		};
/* End PBXResourcesBuildPhase section */

/* Begin PBXSourcesBuildPhase section */
		DBF1FBEC28E77EA5008E436B /* Sources */ = {
			isa = PBXSourcesBuildPhase;
			buildActionMask = 2147483647;
			files = (
				DBE0230628EB432E006B08FE /* ImagePicker.swift in Sources */,
				DBAC832228EDA88100BADAD5 /* CustomerContentView.swift in Sources */,
				DBA32B6F28ED9087001C6A76 /* LaunchViewCustomButton.swift in Sources */,
				DBA32B6D28ED8D5A001C6A76 /* LaunchView.swift in Sources */,
				DBF1FBF628E77EA5008E436B /* BusinessContentView.swift in Sources */,
				DB4352C228E8402000C51B44 /* CreateAccountForm.swift in Sources */,
				DBF1FC0E28E78C00008E436B /* ContentModel.swift in Sources */,
				DB28582928EB1C2000518858 /* ProductSection.swift in Sources */,
				DBAC831E28EDA5C800BADAD5 /* CustomerLoginForm.swift in Sources */,
				DB7DC86B28EC8B7900D109AA /* Constants.swift in Sources */,
				DBF1FC0C28E7883D008E436B /* BusinessLaunchView.swift in Sources */,
				DBA32B7128ED94A7001C6A76 /* CustomerLaunchView.swift in Sources */,
				DB6D070C28EB25BA00B349D9 /* ProductDetailView.swift in Sources */,
				DB28582728EAE48D00518858 /* AddProductView.swift in Sources */,
				DBAC832428EDA8D700BADAD5 /* CustomerProductsView.swift in Sources */,
				DB7DC85328EC4CCA00D109AA /* EditProductView.swift in Sources */,
				DBF1FBF428E77EA5008E436B /* GiftAppApp.swift in Sources */,
				DB6AEA0F28E8E10900C917FB /* Business.swift in Sources */,
				DBEAFA0C28E79111004C3CB1 /* CustomButton.swift in Sources */,
				DBAC832028EDA6BA00BADAD5 /* CustomerCreateAccountForm.swift in Sources */,
				DBEAFA1228E7956A004C3CB1 /* BusinessLoginForm.swift in Sources */,
				DB6AEA1328E8E50800C917FB /* ProductsView.swift in Sources */,
			);
			runOnlyForDeploymentPostprocessing = 0;
		};
/* End PBXSourcesBuildPhase section */

/* Begin XCBuildConfiguration section */
		DBF1FBFC28E77EA5008E436B /* Debug */ = {
			isa = XCBuildConfiguration;
			buildSettings = {
				ALWAYS_SEARCH_USER_PATHS = NO;
				CLANG_ANALYZER_NONNULL = YES;
				CLANG_ANALYZER_NUMBER_OBJECT_CONVERSION = YES_AGGRESSIVE;
				CLANG_CXX_LANGUAGE_STANDARD = "gnu++17";
				CLANG_ENABLE_MODULES = YES;
				CLANG_ENABLE_OBJC_ARC = YES;
				CLANG_ENABLE_OBJC_WEAK = YES;
				CLANG_WARN_BLOCK_CAPTURE_AUTORELEASING = YES;
				CLANG_WARN_BOOL_CONVERSION = YES;
				CLANG_WARN_COMMA = YES;
				CLANG_WARN_CONSTANT_CONVERSION = YES;
				CLANG_WARN_DEPRECATED_OBJC_IMPLEMENTATIONS = YES;
				CLANG_WARN_DIRECT_OBJC_ISA_USAGE = YES_ERROR;
				CLANG_WARN_DOCUMENTATION_COMMENTS = YES;
				CLANG_WARN_EMPTY_BODY = YES;
				CLANG_WARN_ENUM_CONVERSION = YES;
				CLANG_WARN_INFINITE_RECURSION = YES;
				CLANG_WARN_INT_CONVERSION = YES;
				CLANG_WARN_NON_LITERAL_NULL_CONVERSION = YES;
				CLANG_WARN_OBJC_IMPLICIT_RETAIN_SELF = YES;
				CLANG_WARN_OBJC_LITERAL_CONVERSION = YES;
				CLANG_WARN_OBJC_ROOT_CLASS = YES_ERROR;
				CLANG_WARN_QUOTED_INCLUDE_IN_FRAMEWORK_HEADER = YES;
				CLANG_WARN_RANGE_LOOP_ANALYSIS = YES;
				CLANG_WARN_STRICT_PROTOTYPES = YES;
				CLANG_WARN_SUSPICIOUS_MOVE = YES;
				CLANG_WARN_UNGUARDED_AVAILABILITY = YES_AGGRESSIVE;
				CLANG_WARN_UNREACHABLE_CODE = YES;
				CLANG_WARN__DUPLICATE_METHOD_MATCH = YES;
				COPY_PHASE_STRIP = NO;
				DEBUG_INFORMATION_FORMAT = dwarf;
				ENABLE_STRICT_OBJC_MSGSEND = YES;
				ENABLE_TESTABILITY = YES;
				GCC_C_LANGUAGE_STANDARD = gnu11;
				GCC_DYNAMIC_NO_PIC = NO;
				GCC_NO_COMMON_BLOCKS = YES;
				GCC_OPTIMIZATION_LEVEL = 0;
				GCC_PREPROCESSOR_DEFINITIONS = (
					"DEBUG=1",
					"$(inherited)",
				);
				GCC_WARN_64_TO_32_BIT_CONVERSION = YES;
				GCC_WARN_ABOUT_RETURN_TYPE = YES_ERROR;
				GCC_WARN_UNDECLARED_SELECTOR = YES;
				GCC_WARN_UNINITIALIZED_AUTOS = YES_AGGRESSIVE;
				GCC_WARN_UNUSED_FUNCTION = YES;
				GCC_WARN_UNUSED_VARIABLE = YES;
				IPHONEOS_DEPLOYMENT_TARGET = 15.5;
				MTL_ENABLE_DEBUG_INFO = INCLUDE_SOURCE;
				MTL_FAST_MATH = YES;
				ONLY_ACTIVE_ARCH = YES;
				SDKROOT = iphoneos;
				SWIFT_ACTIVE_COMPILATION_CONDITIONS = DEBUG;
				SWIFT_OPTIMIZATION_LEVEL = "-Onone";
			};
			name = Debug;
		};
		DBF1FBFD28E77EA5008E436B /* Release */ = {
			isa = XCBuildConfiguration;
			buildSettings = {
				ALWAYS_SEARCH_USER_PATHS = NO;
				CLANG_ANALYZER_NONNULL = YES;
				CLANG_ANALYZER_NUMBER_OBJECT_CONVERSION = YES_AGGRESSIVE;
				CLANG_CXX_LANGUAGE_STANDARD = "gnu++17";
				CLANG_ENABLE_MODULES = YES;
				CLANG_ENABLE_OBJC_ARC = YES;
				CLANG_ENABLE_OBJC_WEAK = YES;
				CLANG_WARN_BLOCK_CAPTURE_AUTORELEASING = YES;
				CLANG_WARN_BOOL_CONVERSION = YES;
				CLANG_WARN_COMMA = YES;
				CLANG_WARN_CONSTANT_CONVERSION = YES;
				CLANG_WARN_DEPRECATED_OBJC_IMPLEMENTATIONS = YES;
				CLANG_WARN_DIRECT_OBJC_ISA_USAGE = YES_ERROR;
				CLANG_WARN_DOCUMENTATION_COMMENTS = YES;
				CLANG_WARN_EMPTY_BODY = YES;
				CLANG_WARN_ENUM_CONVERSION = YES;
				CLANG_WARN_INFINITE_RECURSION = YES;
				CLANG_WARN_INT_CONVERSION = YES;
				CLANG_WARN_NON_LITERAL_NULL_CONVERSION = YES;
				CLANG_WARN_OBJC_IMPLICIT_RETAIN_SELF = YES;
				CLANG_WARN_OBJC_LITERAL_CONVERSION = YES;
				CLANG_WARN_OBJC_ROOT_CLASS = YES_ERROR;
				CLANG_WARN_QUOTED_INCLUDE_IN_FRAMEWORK_HEADER = YES;
				CLANG_WARN_RANGE_LOOP_ANALYSIS = YES;
				CLANG_WARN_STRICT_PROTOTYPES = YES;
				CLANG_WARN_SUSPICIOUS_MOVE = YES;
				CLANG_WARN_UNGUARDED_AVAILABILITY = YES_AGGRESSIVE;
				CLANG_WARN_UNREACHABLE_CODE = YES;
				CLANG_WARN__DUPLICATE_METHOD_MATCH = YES;
				COPY_PHASE_STRIP = NO;
				DEBUG_INFORMATION_FORMAT = "dwarf-with-dsym";
				ENABLE_NS_ASSERTIONS = NO;
				ENABLE_STRICT_OBJC_MSGSEND = YES;
				GCC_C_LANGUAGE_STANDARD = gnu11;
				GCC_NO_COMMON_BLOCKS = YES;
				GCC_WARN_64_TO_32_BIT_CONVERSION = YES;
				GCC_WARN_ABOUT_RETURN_TYPE = YES_ERROR;
				GCC_WARN_UNDECLARED_SELECTOR = YES;
				GCC_WARN_UNINITIALIZED_AUTOS = YES_AGGRESSIVE;
				GCC_WARN_UNUSED_FUNCTION = YES;
				GCC_WARN_UNUSED_VARIABLE = YES;
				IPHONEOS_DEPLOYMENT_TARGET = 15.5;
				MTL_ENABLE_DEBUG_INFO = NO;
				MTL_FAST_MATH = YES;
				SDKROOT = iphoneos;
				SWIFT_COMPILATION_MODE = wholemodule;
				SWIFT_OPTIMIZATION_LEVEL = "-O";
				VALIDATE_PRODUCT = YES;
			};
			name = Release;
		};
		DBF1FBFF28E77EA5008E436B /* Debug */ = {
			isa = XCBuildConfiguration;
			buildSettings = {
				ASSETCATALOG_COMPILER_APPICON_NAME = AppIcon;
				ASSETCATALOG_COMPILER_GLOBAL_ACCENT_COLOR_NAME = AccentColor;
				CODE_SIGN_STYLE = Automatic;
				CURRENT_PROJECT_VERSION = 1;
				DEVELOPMENT_ASSET_PATHS = "\"GiftApp/Preview Content\"";
				DEVELOPMENT_TEAM = Y99V3PSNQ8;
				ENABLE_PREVIEWS = YES;
				GENERATE_INFOPLIST_FILE = YES;
				INFOPLIST_FILE = GiftApp/Info.plist;
				INFOPLIST_KEY_UIApplicationSceneManifest_Generation = YES;
				INFOPLIST_KEY_UIApplicationSupportsIndirectInputEvents = YES;
				INFOPLIST_KEY_UILaunchScreen_Generation = YES;
				INFOPLIST_KEY_UISupportedInterfaceOrientations_iPad = "UIInterfaceOrientationPortrait UIInterfaceOrientationPortraitUpsideDown UIInterfaceOrientationLandscapeLeft UIInterfaceOrientationLandscapeRight";
				INFOPLIST_KEY_UISupportedInterfaceOrientations_iPhone = "UIInterfaceOrientationPortrait UIInterfaceOrientationLandscapeLeft UIInterfaceOrientationLandscapeRight";
				LD_RUNPATH_SEARCH_PATHS = (
					"$(inherited)",
					"@executable_path/Frameworks",
				);
				MARKETING_VERSION = 1.0;
				PRODUCT_BUNDLE_IDENTIFIER = com.shamsuddinrefaei.GiftApp;
				PRODUCT_NAME = "$(TARGET_NAME)";
				SWIFT_EMIT_LOC_STRINGS = YES;
				SWIFT_VERSION = 5.0;
				TARGETED_DEVICE_FAMILY = "1,2";
			};
			name = Debug;
		};
		DBF1FC0028E77EA5008E436B /* Release */ = {
			isa = XCBuildConfiguration;
			buildSettings = {
				ASSETCATALOG_COMPILER_APPICON_NAME = AppIcon;
				ASSETCATALOG_COMPILER_GLOBAL_ACCENT_COLOR_NAME = AccentColor;
				CODE_SIGN_STYLE = Automatic;
				CURRENT_PROJECT_VERSION = 1;
				DEVELOPMENT_ASSET_PATHS = "\"GiftApp/Preview Content\"";
				DEVELOPMENT_TEAM = Y99V3PSNQ8;
				ENABLE_PREVIEWS = YES;
				GENERATE_INFOPLIST_FILE = YES;
				INFOPLIST_FILE = GiftApp/Info.plist;
				INFOPLIST_KEY_UIApplicationSceneManifest_Generation = YES;
				INFOPLIST_KEY_UIApplicationSupportsIndirectInputEvents = YES;
				INFOPLIST_KEY_UILaunchScreen_Generation = YES;
				INFOPLIST_KEY_UISupportedInterfaceOrientations_iPad = "UIInterfaceOrientationPortrait UIInterfaceOrientationPortraitUpsideDown UIInterfaceOrientationLandscapeLeft UIInterfaceOrientationLandscapeRight";
				INFOPLIST_KEY_UISupportedInterfaceOrientations_iPhone = "UIInterfaceOrientationPortrait UIInterfaceOrientationLandscapeLeft UIInterfaceOrientationLandscapeRight";
				LD_RUNPATH_SEARCH_PATHS = (
					"$(inherited)",
					"@executable_path/Frameworks",
				);
				MARKETING_VERSION = 1.0;
				PRODUCT_BUNDLE_IDENTIFIER = com.shamsuddinrefaei.GiftApp;
				PRODUCT_NAME = "$(TARGET_NAME)";
				SWIFT_EMIT_LOC_STRINGS = YES;
				SWIFT_VERSION = 5.0;
				TARGETED_DEVICE_FAMILY = "1,2";
			};
			name = Release;
		};
/* End XCBuildConfiguration section */

/* Begin XCConfigurationList section */
		DBF1FBEB28E77EA5008E436B /* Build configuration list for PBXProject "GiftApp" */ = {
			isa = XCConfigurationList;
			buildConfigurations = (
				DBF1FBFC28E77EA5008E436B /* Debug */,
				DBF1FBFD28E77EA5008E436B /* Release */,
			);
			defaultConfigurationIsVisible = 0;
			defaultConfigurationName = Release;
		};
		DBF1FBFE28E77EA5008E436B /* Build configuration list for PBXNativeTarget "GiftApp" */ = {
			isa = XCConfigurationList;
			buildConfigurations = (
				DBF1FBFF28E77EA5008E436B /* Debug */,
				DBF1FC0028E77EA5008E436B /* Release */,
			);
			defaultConfigurationIsVisible = 0;
			defaultConfigurationName = Release;
		};
/* End XCConfigurationList section */

/* Begin XCRemoteSwiftPackageReference section */
		DBE0230728EB5A73006B08FE /* XCRemoteSwiftPackageReference "firebase-ios-sdk" */ = {
			isa = XCRemoteSwiftPackageReference;
			repositoryURL = "https://github.com/firebase/firebase-ios-sdk";
			requirement = {
				kind = upToNextMajorVersion;
				minimumVersion = 9.0.0;
			};
		};
		DBF1FC0328E77FDE008E436B /* XCRemoteSwiftPackageReference "firebase-ios-sdk" */ = {
			isa = XCRemoteSwiftPackageReference;
			repositoryURL = "https://github.com/firebase/firebase-ios-sdk";
			requirement = {
				kind = upToNextMajorVersion;
				minimumVersion = 9.0.0;
			};
		};
/* End XCRemoteSwiftPackageReference section */

/* Begin XCSwiftPackageProductDependency section */
		DBE0230828EB5A74006B08FE /* FirebaseAuth */ = {
			isa = XCSwiftPackageProductDependency;
			package = DBF1FC0328E77FDE008E436B /* XCRemoteSwiftPackageReference "firebase-ios-sdk" */;
			productName = FirebaseAuth;
		};
		DBE0230A28EB5A74006B08FE /* FirebaseFirestore */ = {
			isa = XCSwiftPackageProductDependency;
			package = DBF1FC0328E77FDE008E436B /* XCRemoteSwiftPackageReference "firebase-ios-sdk" */;
			productName = FirebaseFirestore;
		};
		DBE0230C28EB5A74006B08FE /* FirebaseStorage */ = {
			isa = XCSwiftPackageProductDependency;
			package = DBF1FC0328E77FDE008E436B /* XCRemoteSwiftPackageReference "firebase-ios-sdk" */;
			productName = FirebaseStorage;
		};
		DBF1FC0428E77FDE008E436B /* FirebaseAuth */ = {
			isa = XCSwiftPackageProductDependency;
			package = DBF1FC0328E77FDE008E436B /* XCRemoteSwiftPackageReference "firebase-ios-sdk" */;
			productName = FirebaseAuth;
		};
		DBF1FC0628E77FDE008E436B /* FirebaseFirestore */ = {
			isa = XCSwiftPackageProductDependency;
			package = DBF1FC0328E77FDE008E436B /* XCRemoteSwiftPackageReference "firebase-ios-sdk" */;
			productName = FirebaseFirestore;
		};
/* End XCSwiftPackageProductDependency section */
	};
	rootObject = DBF1FBE828E77EA5008E436B /* Project object */;
}
